
Microsoft Visual Studio Solution File, Format Version 12.00
# Visual Studio Version 17
VisualStudioVersion = 17.9.34728.123
MinimumVisualStudioVersion = 10.0.40219.1
Project("{FAE04EC0-301F-11D3-BF4B-00C04F79EFBC}") = "CapitalPlacement.API", "CapitalPlacement.API\CapitalPlacement.API.csproj", "{8EA3636D-A7EF-49E3-BED4-A5709A7365CF}"
EndProject
Global
	GlobalSection(SolutionConfigurationPlatforms) = preSolution
		Debug|Any CPU = Debug|Any CPU
		Release|Any CPU = Release|Any CPU
	EndGlobalSection
	GlobalSection(ProjectConfigurationPlatforms) = postSolution
		{8EA3636D-A7EF-49E3-BED4-A5709A7365CF}.Debug|Any CPU.ActiveCfg = Debug|Any CPU
		{8EA3636D-A7EF-49E3-BED4-A5709A7365CF}.Debug|Any CPU.Build.0 = Debug|Any CPU
		{8EA3636D-A7EF-49E3-BED4-A5709A7365CF}.Release|Any CPU.ActiveCfg = Release|Any CPU
		{8EA3636D-A7EF-49E3-BED4-A5709A7365CF}.Release|Any CPU.Build.0 = Release|Any CPU
	EndGlobalSection
	GlobalSection(SolutionProperties) = preSolution
		HideSolutionNode = FALSE
	EndGlobalSection
	GlobalSection(ExtensibilityGlobals) = postSolution
		SolutionGuid = {BCDADFDF-20E2-4E1D-994A-5E660E6C7C93}
	EndGlobalSection
EndGlobal
